
Microsoft Visual Studio Solution File, Format Version 12.00
# Visual Studio Version 16
VisualStudioVersion = 16.0.31729.503
MinimumVisualStudioVersion = 10.0.40219.1
Project("{FAE04EC0-301F-11D3-BF4B-00C04F79EFBC}") = "bankaMatik", "bankaMatik\bankaMatik.csproj", "{B1DCC08A-EA6A-476D-BF12-5BA9E3F7A28D}"
EndProject
Global
	GlobalSection(SolutionConfigurationPlatforms) = preSolution
		Debug|Any CPU = Debug|Any CPU
		Release|Any CPU = Release|Any CPU
	EndGlobalSection
	GlobalSection(ProjectConfigurationPlatforms) = postSolution
		{B1DCC08A-EA6A-476D-BF12-5BA9E3F7A28D}.Debug|Any CPU.ActiveCfg = Debug|Any CPU
		{B1DCC08A-EA6A-476D-BF12-5BA9E3F7A28D}.Debug|Any CPU.Build.0 = Debug|Any CPU
		{B1DCC08A-EA6A-476D-BF12-5BA9E3F7A28D}.Release|Any CPU.ActiveCfg = Release|Any CPU
		{B1DCC08A-EA6A-476D-BF12-5BA9E3F7A28D}.Release|Any CPU.Build.0 = Release|Any CPU
	EndGlobalSection
	GlobalSection(SolutionProperties) = preSolution
		HideSolutionNode = FALSE
	EndGlobalSection
	GlobalSection(ExtensibilityGlobals) = postSolution
		SolutionGuid = {CE57CCD0-30F5-435E-B834-5BB2CC80AAD5}
	EndGlobalSection
EndGlobal
